// !$*UTF8*$!
{
	archiveVersion = 1;
	classes = {
	};
	objectVersion = 77;
	objects = {

/* Begin PBXContainerItemProxy section */
		730416892E109B16004C9780 /* PBXContainerItemProxy */ = {
			isa = PBXContainerItemProxy;
			containerPortal = 730416722E109B15004C9780 /* Project object */;
			proxyType = 1;
			remoteGlobalIDString = 730416792E109B15004C9780;
			remoteInfo = "LU7 Clipboard Manager";
		};
		730416932E109B16004C9780 /* PBXContainerItemProxy */ = {
			isa = PBXContainerItemProxy;
			containerPortal = 730416722E109B15004C9780 /* Project object */;
			proxyType = 1;
			remoteGlobalIDString = 730416792E109B15004C9780;
			remoteInfo = "LU7 Clipboard Manager";
		};
/* End PBXContainerItemProxy section */

/* Begin PBXFileReference section */
		7304167A2E109B15004C9780 /* LU7 Clipboard Manager.app */ = {isa = PBXFileReference; explicitFileType = wrapper.application; includeInIndex = 0; path = "LU7 Clipboard Manager.app"; sourceTree = BUILT_PRODUCTS_DIR; };
		730416882E109B16004C9780 /* LU7 Clipboard ManagerTests.xctest */ = {isa = PBXFileReference; explicitFileType = wrapper.cfbundle; includeInIndex = 0; path = "LU7 Clipboard ManagerTests.xctest"; sourceTree = BUILT_PRODUCTS_DIR; };
		730416922E109B16004C9780 /* LU7 Clipboard ManagerUITests.xctest */ = {isa = PBXFileReference; explicitFileType = wrapper.cfbundle; includeInIndex = 0; path = "LU7 Clipboard ManagerUITests.xctest"; sourceTree = BUILT_PRODUCTS_DIR; };
/* End PBXFileReference section */

/* Begin PBXFileSystemSynchronizedRootGroup section */
		7304167C2E109B15004C9780 /* LU7 Clipboard Manager */ = {
			isa = PBXFileSystemSynchronizedRootGroup;
			path = "LU7 Clipboard Manager";
			sourceTree = "<group>";
		};
/* End PBXFileSystemSynchronizedRootGroup section */

/* Begin PBXFrameworksBuildPhase section */
		730416772E109B15004C9780 /* Frameworks */ = {
			isa = PBXFrameworksBuildPhase;
			buildActionMask = 2147483647;
			files = (
			);
			runOnlyForDeploymentPostprocessing = 0;
		};
		730416852E109B16004C9780 /* Frameworks */ = {
			isa = PBXFrameworksBuildPhase;
			buildActionMask = 2147483647;
			files = (
			);
			runOnlyForDeploymentPostprocessing = 0;
		};
		7304168F2E109B16004C9780 /* Frameworks */ = {
			isa = PBXFrameworksBuildPhase;
			buildActionMask = 2147483647;
			files = (
			);
			runOnlyForDeploymentPostprocessing = 0;
		};
/* End PBXFrameworksBuildPhase section */

/* Begin PBXGroup section */
		730416712E109B15004C9780 = {
			isa = PBXGroup;
			children = (
				7304167C2E109B15004C9780 /* LU7 Clipboard Manager */,
				7304167B2E109B15004C9780 /* Products */,
			);
			sourceTree = "<group>";
		};
		7304167B2E109B15004C9780 /* Products */ = {
			isa = PBXGroup;
			children = (
				7304167A2E109B15004C9780 /* LU7 Clipboard Manager.app */,
				730416882E109B16004C9780 /* LU7 Clipboard ManagerTests.xctest */,
				730416922E109B16004C9780 /* LU7 Clipboard ManagerUITests.xctest */,
			);
			name = Products;
			sourceTree = "<group>";
		};
/* End PBXGroup section */

/* Begin PBXNativeTarget section */
		730416792E109B15004C9780 /* LU7 Clipboard Manager */ = {
			isa = PBXNativeTarget;
			buildConfigurationList = 7304169C2E109B16004C9780 /* Build configuration list for PBXNativeTarget "LU7 Clipboard Manager" */;
			buildPhases = (
				730416762E109B15004C9780 /* Sources */,
				730416772E109B15004C9780 /* Frameworks */,
				730416782E109B15004C9780 /* Resources */,
			);
			buildRules = (
			);
			dependencies = (
			);
			fileSystemSynchronizedGroups = (
				7304167C2E109B15004C9780 /* LU7 Clipboard Manager */,
			);
			name = "LU7 Clipboard Manager";
			packageProductDependencies = (
			);
			productName = "LU7 Clipboard Manager";
			productReference = 7304167A2E109B15004C9780 /* LU7 Clipboard Manager.app */;
			productType = "com.apple.product-type.application";
		};
		730416872E109B16004C9780 /* LU7 Clipboard ManagerTests */ = {
			isa = PBXNativeTarget;
			buildConfigurationList = 7304169F2E109B16004C9780 /* Build configuration list for PBXNativeTarget "LU7 Clipboard ManagerTests" */;
			buildPhases = (
				730416842E109B16004C9780 /* Sources */,
				730416852E109B16004C9780 /* Frameworks */,
				730416862E109B16004C9780 /* Resources */,
			);
			buildRules = (
			);
			dependencies = (
				7304168A2E109B16004C9780 /* PBXTargetDependency */,
			);
			name = "LU7 Clipboard ManagerTests";
			packageProductDependencies = (
			);
			productName = "LU7 Clipboard ManagerTests";
			productReference = 730416882E109B16004C9780 /* LU7 Clipboard ManagerTests.xctest */;
			productType = "com.apple.product-type.bundle.unit-test";
		};
		730416912E109B16004C9780 /* LU7 Clipboard ManagerUITests */ = {
			isa = PBXNativeTarget;
			buildConfigurationList = 730416A22E109B16004C9780 /* Build configuration list for PBXNativeTarget "LU7 Clipboard ManagerUITests" */;
			buildPhases = (
				7304168E2E109B16004C9780 /* Sources */,
				7304168F2E109B16004C9780 /* Frameworks */,
				730416902E109B16004C9780 /* Resources */,
			);
			buildRules = (
			);
			dependencies = (
				730416942E109B16004C9780 /* PBXTargetDependency */,
			);
			name = "LU7 Clipboard ManagerUITests";
			packageProductDependencies = (
			);
			productName = "LU7 Clipboard ManagerUITests";
			productReference = 730416922E109B16004C9780 /* LU7 Clipboard ManagerUITests.xctest */;
			productType = "com.apple.product-type.bundle.ui-testing";
		};
/* End PBXNativeTarget section */

/* Begin PBXProject section */
		730416722E109B15004C9780 /* Project object */ = {
			isa = PBXProject;
			attributes = {
				BuildIndependentTargetsInParallel = 1;
				LastSwiftUpdateCheck = 1640;
				LastUpgradeCheck = 1640;
				TargetAttributes = {
					730416792E109B15004C9780 = {
						CreatedOnToolsVersion = 16.4;
					};
					730416872E109B16004C9780 = {
						CreatedOnToolsVersion = 16.4;
						TestTargetID = 730416792E109B15004C9780;
					};
					730416912E109B16004C9780 = {
						CreatedOnToolsVersion = 16.4;
						TestTargetID = 730416792E109B15004C9780;
					};
				};
			};
			buildConfigurationList = 730416752E109B15004C9780 /* Build configuration list for PBXProject "LU7 Clipboard Manager" */;
			developmentRegion = en;
			hasScannedForEncodings = 0;
			knownRegions = (
				en,
				Base,
			);
			mainGroup = 730416712E109B15004C9780;
			minimizedProjectReferenceProxies = 1;
			preferredProjectObjectVersion = 77;
			productRefGroup = 7304167B2E109B15004C9780 /* Products */;
			projectDirPath = "";
			projectRoot = "";
			targets = (
				730416792E109B15004C9780 /* LU7 Clipboard Manager */,
				730416872E109B16004C9780 /* LU7 Clipboard ManagerTests */,
				730416912E109B16004C9780 /* LU7 Clipboard ManagerUITests */,
			);
		};
/* End PBXProject section */

/* Begin PBXResourcesBuildPhase section */
		730416782E109B15004C9780 /* Resources */ = {
			isa = PBXResourcesBuildPhase;
			buildActionMask = 2147483647;
			files = (
			);
			runOnlyForDeploymentPostprocessing = 0;
		};
		730416862E109B16004C9780 /* Resources */ = {
			isa = PBXResourcesBuildPhase;
			buildActionMask = 2147483647;
			files = (
			);
			runOnlyForDeploymentPostprocessing = 0;
		};
		730416902E109B16004C9780 /* Resources */ = {
			isa = PBXResourcesBuildPhase;
			buildActionMask = 2147483647;
			files = (
			);
			runOnlyForDeploymentPostprocessing = 0;
		};
/* End PBXResourcesBuildPhase section */

/* Begin PBXSourcesBuildPhase section */
		730416762E109B15004C9780 /* Sources */ = {
			isa = PBXSourcesBuildPhase;
			buildActionMask = 2147483647;
			files = (
			);
			runOnlyForDeploymentPostprocessing = 0;
		};
		730416842E109B16004C9780 /* Sources */ = {
			isa = PBXSourcesBuildPhase;
			buildActionMask = 2147483647;
			files = (
			);
			runOnlyForDeploymentPostprocessing = 0;
		};
		7304168E2E109B16004C9780 /* Sources */ = {
			isa = PBXSourcesBuildPhase;
			buildActionMask = 2147483647;
			files = (
			);
			runOnlyForDeploymentPostprocessing = 0;
		};
/* End PBXSourcesBuildPhase section */

/* Begin PBXTargetDependency section */
		7304168A2E109B16004C9780 /* PBXTargetDependency */ = {
			isa = PBXTargetDependency;
			target = 730416792E109B15004C9780 /* LU7 Clipboard Manager */;
			targetProxy = 730416892E109B16004C9780 /* PBXContainerItemProxy */;
		};
		730416942E109B16004C9780 /* PBXTargetDependency */ = {
			isa = PBXTargetDependency;
			target = 730416792E109B15004C9780 /* LU7 Clipboard Manager */;
			targetProxy = 730416932E109B16004C9780 /* PBXContainerItemProxy */;
		};
/* End PBXTargetDependency section */

/* Begin XCBuildConfiguration section */
		7304169A2E109B16004C9780 /* Debug */ = {
			isa = XCBuildConfiguration;
			buildSettings = {
				ALWAYS_SEARCH_USER_PATHS = NO;
				ASSETCATALOG_COMPILER_GENERATE_SWIFT_ASSET_SYMBOL_EXTENSIONS = YES;
				CLANG_ANALYZER_NONNULL = YES;
				CLANG_ANALYZER_NUMBER_OBJECT_CONVERSION = YES_AGGRESSIVE;
				CLANG_CXX_LANGUAGE_STANDARD = "gnu++20";
				CLANG_ENABLE_MODULES = YES;
				CLANG_ENABLE_OBJC_ARC = YES;
				CLANG_ENABLE_OBJC_WEAK = YES;
				CLANG_WARN_BLOCK_CAPTURE_AUTORELEASING = YES;
				CLANG_WARN_BOOL_CONVERSION = YES;
				CLANG_WARN_COMMA = YES;
				CLANG_WARN_CONSTANT_CONVERSION = YES;
				CLANG_WARN_DEPRECATED_OBJC_IMPLEMENTATIONS = YES;
				CLANG_WARN_DIRECT_OBJC_ISA_USAGE = YES_ERROR;
				CLANG_WARN_DOCUMENTATION_COMMENTS = YES;
				CLANG_WARN_EMPTY_BODY = YES;
				CLANG_WARN_ENUM_CONVERSION = YES;
				CLANG_WARN_INFINITE_RECURSION = YES;
				CLANG_WARN_INT_CONVERSION = YES;
				CLANG_WARN_NON_LITERAL_NULL_CONVERSION = YES;
				CLANG_WARN_OBJC_IMPLICIT_RETAIN_SELF = YES;
				CLANG_WARN_OBJC_LITERAL_CONVERSION = YES;
				CLANG_WARN_OBJC_ROOT_CLASS = YES_ERROR;
				CLANG_WARN_QUOTED_INCLUDE_IN_FRAMEWORK_HEADER = YES;
				CLANG_WARN_RANGE_LOOP_ANALYSIS = YES;
				CLANG_WARN_STRICT_PROTOTYPES = YES;
				CLANG_WARN_SUSPICIOUS_MOVE = YES;
				CLANG_WARN_UNGUARDED_AVAILABILITY = YES_AGGRESSIVE;
				CLANG_WARN_UNREACHABLE_CODE = YES;
				CLANG_WARN__DUPLICATE_METHOD_MATCH = YES;
				COPY_PHASE_STRIP = NO;
				DEBUG_INFORMATION_FORMAT = dwarf;
				ENABLE_STRICT_OBJC_MSGSEND = YES;
				ENABLE_TESTABILITY = YES;
				ENABLE_USER_SCRIPT_SANDBOXING = YES;
				GCC_C_LANGUAGE_STANDARD = gnu17;
				GCC_DYNAMIC_NO_PIC = NO;
				GCC_NO_COMMON_BLOCKS = YES;
				GCC_OPTIMIZATION_LEVEL = 0;
				GCC_PREPROCESSOR_DEFINITIONS = (
					"DEBUG=1",
					"$(inherited)",
				);
				GCC_WARN_64_TO_32_BIT_CONVERSION = YES;
				GCC_WARN_ABOUT_RETURN_TYPE = YES_ERROR;
				GCC_WARN_UNDECLARED_SELECTOR = YES;
				GCC_WARN_UNINITIALIZED_AUTOS = YES_AGGRESSIVE;
				GCC_WARN_UNUSED_FUNCTION = YES;
				GCC_WARN_UNUSED_VARIABLE = YES;
				"INFOPLIST_FILE[sdk=*]" = "";
				LOCALIZATION_PREFERS_STRING_CATALOGS = YES;
				MACOSX_DEPLOYMENT_TARGET = 15.5;
				MTL_ENABLE_DEBUG_INFO = INCLUDE_SOURCE;
				MTL_FAST_MATH = YES;
				ONLY_ACTIVE_ARCH = YES;
				SDKROOT = macosx;
				SWIFT_ACTIVE_COMPILATION_CONDITIONS = "DEBUG $(inherited)";
				SWIFT_OPTIMIZATION_LEVEL = "-Onone";
			};
			name = Debug;
		};
		7304169B2E109B16004C9780 /* Release */ = {
			isa = XCBuildConfiguration;
			buildSettings = {
				ALWAYS_SEARCH_USER_PATHS = NO;
				ASSETCATALOG_COMPILER_GENERATE_SWIFT_ASSET_SYMBOL_EXTENSIONS = YES;
				CLANG_ANALYZER_NONNULL = YES;
				CLANG_ANALYZER_NUMBER_OBJECT_CONVERSION = YES_AGGRESSIVE;
				CLANG_CXX_LANGUAGE_STANDARD = "gnu++20";
				CLANG_ENABLE_MODULES = YES;
				CLANG_ENABLE_OBJC_ARC = YES;
				CLANG_ENABLE_OBJC_WEAK = YES;
				CLANG_WARN_BLOCK_CAPTURE_AUTORELEASING = YES;
				CLANG_WARN_BOOL_CONVERSION = YES;
				CLANG_WARN_COMMA = YES;
				CLANG_WARN_CONSTANT_CONVERSION = YES;
				CLANG_WARN_DEPRECATED_OBJC_IMPLEMENTATIONS = YES;
				CLANG_WARN_DIRECT_OBJC_ISA_USAGE = YES_ERROR;
				CLANG_WARN_DOCUMENTATION_COMMENTS = YES;
				CLANG_WARN_EMPTY_BODY = YES;
				CLANG_WARN_ENUM_CONVERSION = YES;
				CLANG_WARN_INFINITE_RECURSION = YES;
				CLANG_WARN_INT_CONVERSION = YES;
				CLANG_WARN_NON_LITERAL_NULL_CONVERSION = YES;
				CLANG_WARN_OBJC_IMPLICIT_RETAIN_SELF = YES;
				CLANG_WARN_OBJC_LITERAL_CONVERSION = YES;
				CLANG_WARN_OBJC_ROOT_CLASS = YES_ERROR;
				CLANG_WARN_QUOTED_INCLUDE_IN_FRAMEWORK_HEADER = YES;
				CLANG_WARN_RANGE_LOOP_ANALYSIS = YES;
				CLANG_WARN_STRICT_PROTOTYPES = YES;
				CLANG_WARN_SUSPICIOUS_MOVE = YES;
				CLANG_WARN_UNGUARDED_AVAILABILITY = YES_AGGRESSIVE;
				CLANG_WARN_UNREACHABLE_CODE = YES;
				CLANG_WARN__DUPLICATE_METHOD_MATCH = YES;
				COPY_PHASE_STRIP = NO;
				DEBUG_INFORMATION_FORMAT = "dwarf-with-dsym";
				ENABLE_NS_ASSERTIONS = NO;
				ENABLE_STRICT_OBJC_MSGSEND = YES;
				ENABLE_USER_SCRIPT_SANDBOXING = YES;
				GCC_C_LANGUAGE_STANDARD = gnu17;
				GCC_NO_COMMON_BLOCKS = YES;
				GCC_WARN_64_TO_32_BIT_CONVERSION = YES;
				GCC_WARN_ABOUT_RETURN_TYPE = YES_ERROR;
				GCC_WARN_UNDECLARED_SELECTOR = YES;
				GCC_WARN_UNINITIALIZED_AUTOS = YES_AGGRESSIVE;
				GCC_WARN_UNUSED_FUNCTION = YES;
				GCC_WARN_UNUSED_VARIABLE = YES;
				LOCALIZATION_PREFERS_STRING_CATALOGS = YES;
				MACOSX_DEPLOYMENT_TARGET = 15.5;
				MTL_ENABLE_DEBUG_INFO = NO;
				MTL_FAST_MATH = YES;
				SDKROOT = macosx;
				SWIFT_COMPILATION_MODE = wholemodule;
			};
			name = Release;
		};
		7304169D2E109B16004C9780 /* Debug */ = {
			isa = XCBuildConfiguration;
			buildSettings = {
				ASSETCATALOG_COMPILER_APPICON_NAME = AppIcon;
				ASSETCATALOG_COMPILER_GLOBAL_ACCENT_COLOR_NAME = AccentColor;
				CODE_SIGN_ENTITLEMENTS = "LU7 Clipboard Manager/LU7_Clipboard_Manager.entitlements";
				CODE_SIGN_STYLE = Automatic;
				COMBINE_HIDPI_IMAGES = YES;
				CURRENT_PROJECT_VERSION = 1;
				ENABLE_PREVIEWS = YES;
				GENERATE_INFOPLIST_FILE = YES;
				INFOPLIST_KEY_NSHumanReadableCopyright = "";
				LD_RUNPATH_SEARCH_PATHS = (
					"$(inherited)",
					"@executable_path/../Frameworks",
				);
				MARKETING_VERSION = 1.0;
				PRODUCT_BUNDLE_IDENTIFIER = "andrewpeacock.LU7-Clipboard-Manager";
				PRODUCT_NAME = "$(TARGET_NAME)";
				REGISTER_APP_GROUPS = YES;
				SWIFT_EMIT_LOC_STRINGS = YES;
				SWIFT_VERSION = 5.0;
			};
			name = Debug;
		};
		7304169E2E109B16004C9780 /* Release */ = {
			isa = XCBuildConfiguration;
			buildSettings = {
				ASSETCATALOG_COMPILER_APPICON_NAME = AppIcon;
				ASSETCATALOG_COMPILER_GLOBAL_ACCENT_COLOR_NAME = AccentColor;
				CODE_SIGN_ENTITLEMENTS = "LU7 Clipboard Manager/LU7_Clipboard_Manager.entitlements";
				CODE_SIGN_STYLE = Automatic;
				COMBINE_HIDPI_IMAGES = YES;
				CURRENT_PROJECT_VERSION = 1;
				ENABLE_PREVIEWS = YES;
				GENERATE_INFOPLIST_FILE = YES;
				INFOPLIST_KEY_NSHumanReadableCopyright = "";
				LD_RUNPATH_SEARCH_PATHS = (
					"$(inherited)",
					"@executable_path/../Frameworks",
				);
				MARKETING_VERSION = 1.0;
				PRODUCT_BUNDLE_IDENTIFIER = "andrewpeacock.LU7-Clipboard-Manager";
				PRODUCT_NAME = "$(TARGET_NAME)";
				REGISTER_APP_GROUPS = YES;
				SWIFT_EMIT_LOC_STRINGS = YES;
				SWIFT_VERSION = 5.0;
			};
			name = Release;
		};
		730416A02E109B16004C9780 /* Debug */ = {
			isa = XCBuildConfiguration;
			buildSettings = {
				BUNDLE_LOADER = "$(TEST_HOST)";
				CODE_SIGN_STYLE = Automatic;
				CURRENT_PROJECT_VERSION = 1;
				GENERATE_INFOPLIST_FILE = YES;
				MACOSX_DEPLOYMENT_TARGET = 15.5;
				MARKETING_VERSION = 1.0;
				PRODUCT_BUNDLE_IDENTIFIER = "andrewpeacock.LU7-Clipboard-ManagerTests";
				PRODUCT_NAME = "$(TARGET_NAME)";
				SWIFT_EMIT_LOC_STRINGS = NO;
				SWIFT_VERSION = 5.0;
				TEST_HOST = "$(BUILT_PRODUCTS_DIR)/LU7 Clipboard Manager.app/$(BUNDLE_EXECUTABLE_FOLDER_PATH)/LU7 Clipboard Manager";
			};
			name = Debug;
		};
		730416A12E109B16004C9780 /* Release */ = {
			isa = XCBuildConfiguration;
			buildSettings = {
				BUNDLE_LOADER = "$(TEST_HOST)";
				CODE_SIGN_STYLE = Automatic;
				CURRENT_PROJECT_VERSION = 1;
				GENERATE_INFOPLIST_FILE = YES;
				MACOSX_DEPLOYMENT_TARGET = 15.5;
				MARKETING_VERSION = 1.0;
				PRODUCT_BUNDLE_IDENTIFIER = "andrewpeacock.LU7-Clipboard-ManagerTests";
				PRODUCT_NAME = "$(TARGET_NAME)";
				SWIFT_EMIT_LOC_STRINGS = NO;
				SWIFT_VERSION = 5.0;
				TEST_HOST = "$(BUILT_PRODUCTS_DIR)/LU7 Clipboard Manager.app/$(BUNDLE_EXECUTABLE_FOLDER_PATH)/LU7 Clipboard Manager";
			};
			name = Release;
		};
		730416A32E109B16004C9780 /* Debug */ = {
			isa = XCBuildConfiguration;
			buildSettings = {
				CODE_SIGN_STYLE = Automatic;
				CURRENT_PROJECT_VERSION = 1;
				GENERATE_INFOPLIST_FILE = YES;
				MARKETING_VERSION = 1.0;
				PRODUCT_BUNDLE_IDENTIFIER = "andrewpeacock.LU7-Clipboard-ManagerUITests";
				PRODUCT_NAME = "$(TARGET_NAME)";
				SWIFT_EMIT_LOC_STRINGS = NO;
				SWIFT_VERSION = 5.0;
				TEST_TARGET_NAME = "LU7 Clipboard Manager";
			};
			name = Debug;
		};
		730416A42E109B16004C9780 /* Release */ = {
			isa = XCBuildConfiguration;
			buildSettings = {
				CODE_SIGN_STYLE = Automatic;
				CURRENT_PROJECT_VERSION = 1;
				GENERATE_INFOPLIST_FILE = YES;
				MARKETING_VERSION = 1.0;
				PRODUCT_BUNDLE_IDENTIFIER = "andrewpeacock.LU7-Clipboard-ManagerUITests";
				PRODUCT_NAME = "$(TARGET_NAME)";
				SWIFT_EMIT_LOC_STRINGS = NO;
				SWIFT_VERSION = 5.0;
				TEST_TARGET_NAME = "LU7 Clipboard Manager";
			};
			name = Release;
		};
/* End XCBuildConfiguration section */

/* Begin XCConfigurationList section */
		730416752E109B15004C9780 /* Build configuration list for PBXProject "LU7 Clipboard Manager" */ = {
			isa = XCConfigurationList;
			buildConfigurations = (
				7304169A2E109B16004C9780 /* Debug */,
				7304169B2E109B16004C9780 /* Release */,
			);
			defaultConfigurationIsVisible = 0;
			defaultConfigurationName = Release;
		};
		7304169C2E109B16004C9780 /* Build configuration list for PBXNativeTarget "LU7 Clipboard Manager" */ = {
			isa = XCConfigurationList;
			buildConfigurations = (
				7304169D2E109B16004C9780 /* Debug */,
				7304169E2E109B16004C9780 /* Release */,
			);
			defaultConfigurationIsVisible = 0;
			defaultConfigurationName = Release;
		};
		7304169F2E109B16004C9780 /* Build configuration list for PBXNativeTarget "LU7 Clipboard ManagerTests" */ = {
			isa = XCConfigurationList;
			buildConfigurations = (
				730416A02E109B16004C9780 /* Debug */,
				730416A12E109B16004C9780 /* Release */,
			);
			defaultConfigurationIsVisible = 0;
			defaultConfigurationName = Release;
		};
		730416A22E109B16004C9780 /* Build configuration list for PBXNativeTarget "LU7 Clipboard ManagerUITests" */ = {
			isa = XCConfigurationList;
			buildConfigurations = (
				730416A32E109B16004C9780 /* Debug */,
				730416A42E109B16004C9780 /* Release */,
			);
			defaultConfigurationIsVisible = 0;
			defaultConfigurationName = Release;
		};
/* End XCConfigurationList section */
	};
	rootObject = 730416722E109B15004C9780 /* Project object */;
}
